// !$*UTF8*$!
{
	archiveVersion = 1;
	classes = {
	};
	objectVersion = 77;
	objects = {

/* Begin PBXContainerItemProxy section */
		C58AE28C2FDCC6C3009B2B9F /* PBXContainerItemProxy */ = {
			isa = PBXContainerItemProxy;
			containerPortal = C58AE2762FDCC6C1009B2B9F /* Project object */;
			proxyType = 1;
			remoteGlobalIDString = C58AE27D2FDCC6C1009B2B9F;
			remoteInfo = RemoteRecruit;
		};
		C58AE2962FDCC6C3009B2B9F /* PBXContainerItemProxy */ = {
			isa = PBXContainerItemProxy;
			containerPortal = C58AE2762FDCC6C1009B2B9F /* Project object */;
			proxyType = 1;
			remoteGlobalIDString = C58AE27D2FDCC6C1009B2B9F;
			remoteInfo = RemoteRecruit;
		};
/* End PBXContainerItemProxy section */

/* Begin PBXFileReference section */
		AAAA000000000000000000C1 /* RemoteRecruit/SupportingFiles/BuildConfiguration/Common.xcconfig */ = {isa = PBXFileReference; lastKnownFileType = text.xcconfig; path = RemoteRecruit/SupportingFiles/BuildConfiguration/Common.xcconfig; sourceTree = "<group>"; };
		AAAA000000000000000000C2 /* RemoteRecruit/SupportingFiles/BuildConfiguration/Local.xcconfig */ = {isa = PBXFileReference; lastKnownFileType = text.xcconfig; path = RemoteRecruit/SupportingFiles/BuildConfiguration/Local.xcconfig; sourceTree = "<group>"; };
		C58AE27E2FDCC6C1009B2B9F /* RemoteRecruit.app */ = {isa = PBXFileReference; explicitFileType = wrapper.application; includeInIndex = 0; path = RemoteRecruit.app; sourceTree = BUILT_PRODUCTS_DIR; };
		C58AE28B2FDCC6C3009B2B9F /* RemoteRecruitTests.xctest */ = {isa = PBXFileReference; explicitFileType = wrapper.cfbundle; includeInIndex = 0; path = RemoteRecruitTests.xctest; sourceTree = BUILT_PRODUCTS_DIR; };
		C58AE2952FDCC6C3009B2B9F /* RemoteRecruitUITests.xctest */ = {isa = PBXFileReference; explicitFileType = wrapper.cfbundle; includeInIndex = 0; path = RemoteRecruitUITests.xctest; sourceTree = BUILT_PRODUCTS_DIR; };
/* End PBXFileReference section */

/* Begin PBXFileSystemSynchronizedBuildFileExceptionSet section */
		AAAA0000000000000000E001 /* Exceptions for "RemoteRecruit" folder in "RemoteRecruit" target */ = {
			isa = PBXFileSystemSynchronizedBuildFileExceptionSet;
			membershipExceptions = (
				SupportingFiles/BuildConfiguration/Common.xcconfig,
				SupportingFiles/BuildConfiguration/Local.xcconfig,
				SupportingFiles/Info.plist,
			);
			target = C58AE27D2FDCC6C1009B2B9F /* RemoteRecruit */;
		};
/* End PBXFileSystemSynchronizedBuildFileExceptionSet section */

/* Begin PBXFileSystemSynchronizedRootGroup section */
		C58AE2802FDCC6C1009B2B9F /* RemoteRecruit */ = {
			isa = PBXFileSystemSynchronizedRootGroup;
			exceptions = (
				AAAA0000000000000000E001 /* Exceptions for "RemoteRecruit" folder in "RemoteRecruit" target */,
			);
			path = RemoteRecruit;
			sourceTree = "<group>";
		};
		C58AE28E2FDCC6C3009B2B9F /* RemoteRecruitTests */ = {
			isa = PBXFileSystemSynchronizedRootGroup;
			path = RemoteRecruitTests;
			sourceTree = "<group>";
		};
		C58AE2982FDCC6C3009B2B9F /* RemoteRecruitUITests */ = {
			isa = PBXFileSystemSynchronizedRootGroup;
			path = RemoteRecruitUITests;
			sourceTree = "<group>";
		};
/* End PBXFileSystemSynchronizedRootGroup section */

/* Begin PBXFrameworksBuildPhase section */
		C58AE27B2FDCC6C1009B2B9F /* Frameworks */ = {
			isa = PBXFrameworksBuildPhase;
			buildActionMask = 2147483647;
			files = (
			);
			runOnlyForDeploymentPostprocessing = 0;
		};
		C58AE2882FDCC6C3009B2B9F /* Frameworks */ = {
			isa = PBXFrameworksBuildPhase;
			buildActionMask = 2147483647;
			files = (
			);
			runOnlyForDeploymentPostprocessing = 0;
		};
		C58AE2922FDCC6C3009B2B9F /* Frameworks */ = {
			isa = PBXFrameworksBuildPhase;
			buildActionMask = 2147483647;
			files = (
			);
			runOnlyForDeploymentPostprocessing = 0;
		};
/* End PBXFrameworksBuildPhase section */

/* Begin PBXGroup section */
		C58AE2752FDCC6C1009B2B9F = {
			isa = PBXGroup;
			children = (
				C58AE2802FDCC6C1009B2B9F /* RemoteRecruit */,
				C58AE28E2FDCC6C3009B2B9F /* RemoteRecruitTests */,
				C58AE2982FDCC6C3009B2B9F /* RemoteRecruitUITests */,
				C58AE27F2FDCC6C1009B2B9F /* Products */,
				C58AE97C2FDCCF19009B2B9F /* Recovered References */,
			);
			sourceTree = "<group>";
		};
		C58AE27F2FDCC6C1009B2B9F /* Products */ = {
			isa = PBXGroup;
			children = (
				C58AE27E2FDCC6C1009B2B9F /* RemoteRecruit.app */,
				C58AE28B2FDCC6C3009B2B9F /* RemoteRecruitTests.xctest */,
				C58AE2952FDCC6C3009B2B9F /* RemoteRecruitUITests.xctest */,
			);
			name = Products;
			sourceTree = "<group>";
		};
		C58AE97C2FDCCF19009B2B9F /* Recovered References */ = {
			isa = PBXGroup;
			children = (
				AAAA000000000000000000C2 /* RemoteRecruit/SupportingFiles/BuildConfiguration/Local.xcconfig */,
				AAAA000000000000000000C1 /* RemoteRecruit/SupportingFiles/BuildConfiguration/Common.xcconfig */,
			);
			name = "Recovered References";
			sourceTree = "<group>";
		};
/* End PBXGroup section */

/* Begin PBXNativeTarget section */
		C58AE27D2FDCC6C1009B2B9F /* RemoteRecruit */ = {
			isa = PBXNativeTarget;
			buildConfigurationList = C58AE29F2FDCC6C3009B2B9F /* Build configuration list for PBXNativeTarget "RemoteRecruit" */;
			buildPhases = (
				C58AE27A2FDCC6C1009B2B9F /* Sources */,
				C58AE27B2FDCC6C1009B2B9F /* Frameworks */,
				C58AE27C2FDCC6C1009B2B9F /* Resources */,
			);
			buildRules = (
			);
			dependencies = (
			);
			fileSystemSynchronizedGroups = (
				C58AE2802FDCC6C1009B2B9F /* RemoteRecruit */,
			);
			name = RemoteRecruit;
			packageProductDependencies = (
			);
			productName = RemoteRecruit;
			productReference = C58AE27E2FDCC6C1009B2B9F /* RemoteRecruit.app */;
			productType = "com.apple.product-type.application";
		};
		C58AE28A2FDCC6C3009B2B9F /* RemoteRecruitTests */ = {
			isa = PBXNativeTarget;
			buildConfigurationList = C58AE2A22FDCC6C3009B2B9F /* Build configuration list for PBXNativeTarget "RemoteRecruitTests" */;
			buildPhases = (
				C58AE2872FDCC6C3009B2B9F /* Sources */,
				C58AE2882FDCC6C3009B2B9F /* Frameworks */,
				C58AE2892FDCC6C3009B2B9F /* Resources */,
			);
			buildRules = (
			);
			dependencies = (
				C58AE28D2FDCC6C3009B2B9F /* PBXTargetDependency */,
			);
			fileSystemSynchronizedGroups = (
				C58AE28E2FDCC6C3009B2B9F /* RemoteRecruitTests */,
			);
			name = RemoteRecruitTests;
			packageProductDependencies = (
			);
			productName = RemoteRecruitTests;
			productReference = C58AE28B2FDCC6C3009B2B9F /* RemoteRecruitTests.xctest */;
			productType = "com.apple.product-type.bundle.unit-test";
		};
		C58AE2942FDCC6C3009B2B9F /* RemoteRecruitUITests */ = {
			isa = PBXNativeTarget;
			buildConfigurationList = C58AE2A52FDCC6C3009B2B9F /* Build configuration list for PBXNativeTarget "RemoteRecruitUITests" */;
			buildPhases = (
				C58AE2912FDCC6C3009B2B9F /* Sources */,
				C58AE2922FDCC6C3009B2B9F /* Frameworks */,
				C58AE2932FDCC6C3009B2B9F /* Resources */,
			);
			buildRules = (
			);
			dependencies = (
				C58AE2972FDCC6C3009B2B9F /* PBXTargetDependency */,
			);
			fileSystemSynchronizedGroups = (
				C58AE2982FDCC6C3009B2B9F /* RemoteRecruitUITests */,
			);
			name = RemoteRecruitUITests;
			packageProductDependencies = (
			);
			productName = RemoteRecruitUITests;
			productReference = C58AE2952FDCC6C3009B2B9F /* RemoteRecruitUITests.xctest */;
			productType = "com.apple.product-type.bundle.ui-testing";
		};
/* End PBXNativeTarget section */

/* Begin PBXProject section */
		C58AE2762FDCC6C1009B2B9F /* Project object */ = {
			isa = PBXProject;
			attributes = {
				BuildIndependentTargetsInParallel = 1;
				LastSwiftUpdateCheck = 2640;
				LastUpgradeCheck = 2640;
				TargetAttributes = {
					C58AE27D2FDCC6C1009B2B9F = {
						CreatedOnToolsVersion = 26.4.1;
					};
					C58AE28A2FDCC6C3009B2B9F = {
						CreatedOnToolsVersion = 26.4.1;
						TestTargetID = C58AE27D2FDCC6C1009B2B9F;
					};
					C58AE2942FDCC6C3009B2B9F = {
						CreatedOnToolsVersion = 26.4.1;
						TestTargetID = C58AE27D2FDCC6C1009B2B9F;
					};
				};
			};
			buildConfigurationList = C58AE2792FDCC6C1009B2B9F /* Build configuration list for PBXProject "RemoteRecruit" */;
			developmentRegion = en;
			hasScannedForEncodings = 0;
			knownRegions = (
				en,
				Base,
			);
			mainGroup = C58AE2752FDCC6C1009B2B9F;
			minimizedProjectReferenceProxies = 1;
			preferredProjectObjectVersion = 77;
			productRefGroup = C58AE27F2FDCC6C1009B2B9F /* Products */;
			projectDirPath = "";
			projectRoot = "";
			targets = (
				C58AE27D2FDCC6C1009B2B9F /* RemoteRecruit */,
				C58AE28A2FDCC6C3009B2B9F /* RemoteRecruitTests */,
				C58AE2942FDCC6C3009B2B9F /* RemoteRecruitUITests */,
			);
		};
/* End PBXProject section */

/* Begin PBXResourcesBuildPhase section */
		C58AE27C2FDCC6C1009B2B9F /* Resources */ = {
			isa = PBXResourcesBuildPhase;
			buildActionMask = 2147483647;
			files = (
			);
			runOnlyForDeploymentPostprocessing = 0;
		};
		C58AE2892FDCC6C3009B2B9F /* Resources */ = {
			isa = PBXResourcesBuildPhase;
			buildActionMask = 2147483647;
			files = (
			);
			runOnlyForDeploymentPostprocessing = 0;
		};
		C58AE2932FDCC6C3009B2B9F /* Resources */ = {
			isa = PBXResourcesBuildPhase;
			buildActionMask = 2147483647;
			files = (
			);
			runOnlyForDeploymentPostprocessing = 0;
		};
/* End PBXResourcesBuildPhase section */

/* Begin PBXSourcesBuildPhase section */
		C58AE27A2FDCC6C1009B2B9F /* Sources */ = {
			isa = PBXSourcesBuildPhase;
			buildActionMask = 2147483647;
			files = (
			);
			runOnlyForDeploymentPostprocessing = 0;
		};
		C58AE2872FDCC6C3009B2B9F /* Sources */ = {
			isa = PBXSourcesBuildPhase;
			buildActionMask = 2147483647;
			files = (
			);
			runOnlyForDeploymentPostprocessing = 0;
		};
		C58AE2912FDCC6C3009B2B9F /* Sources */ = {
			isa = PBXSourcesBuildPhase;
			buildActionMask = 2147483647;
			files = (
			);
			runOnlyForDeploymentPostprocessing = 0;
		};
/* End PBXSourcesBuildPhase section */

/* Begin PBXTargetDependency section */
		C58AE28D2FDCC6C3009B2B9F /* PBXTargetDependency */ = {
			isa = PBXTargetDependency;
			target = C58AE27D2FDCC6C1009B2B9F /* RemoteRecruit */;
			targetProxy = C58AE28C2FDCC6C3009B2B9F /* PBXContainerItemProxy */;
		};
		C58AE2972FDCC6C3009B2B9F /* PBXTargetDependency */ = {
			isa = PBXTargetDependency;
			target = C58AE27D2FDCC6C1009B2B9F /* RemoteRecruit */;
			targetProxy = C58AE2962FDCC6C3009B2B9F /* PBXContainerItemProxy */;
		};
/* End PBXTargetDependency section */

/* Begin XCBuildConfiguration section */
		C58AE29D2FDCC6C3009B2B9F /* Debug */ = {
			isa = XCBuildConfiguration;
			buildSettings = {
				ALWAYS_SEARCH_USER_PATHS = NO;
				ASSETCATALOG_COMPILER_GENERATE_SWIFT_ASSET_SYMBOL_EXTENSIONS = YES;
				CLANG_ANALYZER_NONNULL = YES;
				CLANG_ANALYZER_NUMBER_OBJECT_CONVERSION = YES_AGGRESSIVE;
				CLANG_CXX_LANGUAGE_STANDARD = "gnu++20";
				CLANG_ENABLE_MODULES = YES;
				CLANG_ENABLE_OBJC_ARC = YES;
				CLANG_ENABLE_OBJC_WEAK = YES;
				CLANG_WARN_BLOCK_CAPTURE_AUTORELEASING = YES;
				CLANG_WARN_BOOL_CONVERSION = YES;
				CLANG_WARN_COMMA = YES;
				CLANG_WARN_CONSTANT_CONVERSION = YES;
				CLANG_WARN_DEPRECATED_OBJC_IMPLEMENTATIONS = YES;
				CLANG_WARN_DIRECT_OBJC_ISA_USAGE = YES_ERROR;
				CLANG_WARN_DOCUMENTATION_COMMENTS = YES;
				CLANG_WARN_EMPTY_BODY = YES;
				CLANG_WARN_ENUM_CONVERSION = YES;
				CLANG_WARN_INFINITE_RECURSION = YES;
				CLANG_WARN_INT_CONVERSION = YES;
				CLANG_WARN_NON_LITERAL_NULL_CONVERSION = YES;
				CLANG_WARN_OBJC_IMPLICIT_RETAIN_SELF = YES;
				CLANG_WARN_OBJC_LITERAL_CONVERSION = YES;
				CLANG_WARN_OBJC_ROOT_CLASS = YES_ERROR;
				CLANG_WARN_QUOTED_INCLUDE_IN_FRAMEWORK_HEADER = YES;
				CLANG_WARN_RANGE_LOOP_ANALYSIS = YES;
				CLANG_WARN_STRICT_PROTOTYPES = YES;
				CLANG_WARN_SUSPICIOUS_MOVE = YES;
				CLANG_WARN_UNGUARDED_AVAILABILITY = YES_AGGRESSIVE;
				CLANG_WARN_UNREACHABLE_CODE = YES;
				CLANG_WARN__DUPLICATE_METHOD_MATCH = YES;
				COPY_PHASE_STRIP = NO;
				DEBUG_INFORMATION_FORMAT = dwarf;
				DEVELOPMENT_TEAM = DN5Q9N6KCH;
				ENABLE_STRICT_OBJC_MSGSEND = YES;
				ENABLE_TESTABILITY = YES;
				ENABLE_USER_SCRIPT_SANDBOXING = YES;
				GCC_C_LANGUAGE_STANDARD = gnu17;
				GCC_DYNAMIC_NO_PIC = NO;
				GCC_NO_COMMON_BLOCKS = YES;
				GCC_OPTIMIZATION_LEVEL = 0;
				GCC_PREPROCESSOR_DEFINITIONS = (
					"DEBUG=1",
					"$(inherited)",
				);
				GCC_WARN_64_TO_32_BIT_CONVERSION = YES;
				GCC_WARN_ABOUT_RETURN_TYPE = YES_ERROR;
				GCC_WARN_UNDECLARED_SELECTOR = YES;
				GCC_WARN_UNINITIALIZED_AUTOS = YES_AGGRESSIVE;
				GCC_WARN_UNUSED_FUNCTION = YES;
				GCC_WARN_UNUSED_VARIABLE = YES;
				IPHONEOS_DEPLOYMENT_TARGET = 18.6;
				LOCALIZATION_PREFERS_STRING_CATALOGS = YES;
				MTL_ENABLE_DEBUG_INFO = INCLUDE_SOURCE;
				MTL_FAST_MATH = YES;
				ONLY_ACTIVE_ARCH = YES;
				SDKROOT = iphoneos;
				SWIFT_ACTIVE_COMPILATION_CONDITIONS = "DEBUG $(inherited)";
				SWIFT_OPTIMIZATION_LEVEL = "-Onone";
			};
			name = Debug;
		};
		C58AE29E2FDCC6C3009B2B9F /* Release */ = {
			isa = XCBuildConfiguration;
			buildSettings = {
				ALWAYS_SEARCH_USER_PATHS = NO;
				ASSETCATALOG_COMPILER_GENERATE_SWIFT_ASSET_SYMBOL_EXTENSIONS = YES;
				CLANG_ANALYZER_NONNULL = YES;
				CLANG_ANALYZER_NUMBER_OBJECT_CONVERSION = YES_AGGRESSIVE;
				CLANG_CXX_LANGUAGE_STANDARD = "gnu++20";
				CLANG_ENABLE_MODULES = YES;
				CLANG_ENABLE_OBJC_ARC = YES;
				CLANG_ENABLE_OBJC_WEAK = YES;
				CLANG_WARN_BLOCK_CAPTURE_AUTORELEASING = YES;
				CLANG_WARN_BOOL_CONVERSION = YES;
				CLANG_WARN_COMMA = YES;
				CLANG_WARN_CONSTANT_CONVERSION = YES;
				CLANG_WARN_DEPRECATED_OBJC_IMPLEMENTATIONS = YES;
				CLANG_WARN_DIRECT_OBJC_ISA_USAGE = YES_ERROR;
				CLANG_WARN_DOCUMENTATION_COMMENTS = YES;
				CLANG_WARN_EMPTY_BODY = YES;
				CLANG_WARN_ENUM_CONVERSION = YES;
				CLANG_WARN_INFINITE_RECURSION = YES;
				CLANG_WARN_INT_CONVERSION = YES;
				CLANG_WARN_NON_LITERAL_NULL_CONVERSION = YES;
				CLANG_WARN_OBJC_IMPLICIT_RETAIN_SELF = YES;
				CLANG_WARN_OBJC_LITERAL_CONVERSION = YES;
				CLANG_WARN_OBJC_ROOT_CLASS = YES_ERROR;
				CLANG_WARN_QUOTED_INCLUDE_IN_FRAMEWORK_HEADER = YES;
				CLANG_WARN_RANGE_LOOP_ANALYSIS = YES;
				CLANG_WARN_STRICT_PROTOTYPES = YES;
				CLANG_WARN_SUSPICIOUS_MOVE = YES;
				CLANG_WARN_UNGUARDED_AVAILABILITY = YES_AGGRESSIVE;
				CLANG_WARN_UNREACHABLE_CODE = YES;
				CLANG_WARN__DUPLICATE_METHOD_MATCH = YES;
				COPY_PHASE_STRIP = NO;
				DEBUG_INFORMATION_FORMAT = "dwarf-with-dsym";
				DEVELOPMENT_TEAM = DN5Q9N6KCH;
				ENABLE_NS_ASSERTIONS = NO;
				ENABLE_STRICT_OBJC_MSGSEND = YES;
				ENABLE_USER_SCRIPT_SANDBOXING = YES;
				GCC_C_LANGUAGE_STANDARD = gnu17;
				GCC_NO_COMMON_BLOCKS = YES;
				GCC_WARN_64_TO_32_BIT_CONVERSION = YES;
				GCC_WARN_ABOUT_RETURN_TYPE = YES_ERROR;
				GCC_WARN_UNDECLARED_SELECTOR = YES;
				GCC_WARN_UNINITIALIZED_AUTOS = YES_AGGRESSIVE;
				GCC_WARN_UNUSED_FUNCTION = YES;
				GCC_WARN_UNUSED_VARIABLE = YES;
				IPHONEOS_DEPLOYMENT_TARGET = 18.6;
				LOCALIZATION_PREFERS_STRING_CATALOGS = YES;
				MTL_ENABLE_DEBUG_INFO = NO;
				MTL_FAST_MATH = YES;
				SDKROOT = iphoneos;
				SWIFT_COMPILATION_MODE = wholemodule;
				VALIDATE_PRODUCT = YES;
			};
			name = Release;
		};
		C58AE2A02FDCC6C3009B2B9F /* Debug */ = {
			isa = XCBuildConfiguration;
			baseConfigurationReference = AAAA000000000000000000C2 /* RemoteRecruit/SupportingFiles/BuildConfiguration/Local.xcconfig */;
			buildSettings = {
				ASSETCATALOG_COMPILER_APPICON_NAME = AppIcon;
				ASSETCATALOG_COMPILER_GLOBAL_ACCENT_COLOR_NAME = AccentColor;
				CODE_SIGN_STYLE = Automatic;
				CURRENT_PROJECT_VERSION = 1;
				DEVELOPMENT_TEAM = DN5Q9N6KCH;
				ENABLE_PREVIEWS = YES;
				GENERATE_INFOPLIST_FILE = YES;
				INFOPLIST_FILE = RemoteRecruit/SupportingFiles/Info.plist;
				INFOPLIST_KEY_CFBundleDisplayName = RemoteRecruit;
				INFOPLIST_KEY_UIApplicationSceneManifest_Generation = YES;
				INFOPLIST_KEY_UIApplicationSupportsIndirectInputEvents = YES;
				"INFOPLIST_KEY_UILaunchStoryboardName[sdk=iphoneos*]" = "Launch Screen";
				"INFOPLIST_KEY_UILaunchStoryboardName[sdk=iphonesimulator*]" = "Launch Screen";
				INFOPLIST_KEY_UISupportedInterfaceOrientations_iPad = "UIInterfaceOrientationPortrait UIInterfaceOrientationPortraitUpsideDown UIInterfaceOrientationLandscapeLeft UIInterfaceOrientationLandscapeRight";
				INFOPLIST_KEY_UISupportedInterfaceOrientations_iPhone = "UIInterfaceOrientationPortrait UIInterfaceOrientationLandscapeLeft UIInterfaceOrientationLandscapeRight";
				IPHONEOS_DEPLOYMENT_TARGET = 18.6;
				LD_RUNPATH_SEARCH_PATHS = (
					"$(inherited)",
					"@executable_path/Frameworks",
				);
				MARKETING_VERSION = 1.0;
				PRODUCT_BUNDLE_IDENTIFIER = com.ss.RemoteRecruit;
				PRODUCT_NAME = "$(TARGET_NAME)";
				STRING_CATALOG_GENERATE_SYMBOLS = YES;
				SWIFT_APPROACHABLE_CONCURRENCY = YES;
				SWIFT_DEFAULT_ACTOR_ISOLATION = MainActor;
				SWIFT_EMIT_LOC_STRINGS = YES;
				SWIFT_UPCOMING_FEATURE_MEMBER_IMPORT_VISIBILITY = YES;
				SWIFT_VERSION = 5.0;
				TARGETED_DEVICE_FAMILY = "1,2";
			};
			name = Debug;
		};
		C58AE2A12FDCC6C3009B2B9F /* Release */ = {
			isa = XCBuildConfiguration;
			baseConfigurationReference = AAAA000000000000000000C1 /* RemoteRecruit/SupportingFiles/BuildConfiguration/Common.xcconfig */;
			buildSettings = {
				ASSETCATALOG_COMPILER_APPICON_NAME = AppIcon;
				ASSETCATALOG_COMPILER_GLOBAL_ACCENT_COLOR_NAME = AccentColor;
				CODE_SIGN_STYLE = Automatic;
				CURRENT_PROJECT_VERSION = 1;
				DEVELOPMENT_TEAM = DN5Q9N6KCH;
				ENABLE_PREVIEWS = YES;
				GENERATE_INFOPLIST_FILE = YES;
				INFOPLIST_FILE = RemoteRecruit/SupportingFiles/Info.plist;
				INFOPLIST_KEY_CFBundleDisplayName = RemoteRecruit;
				INFOPLIST_KEY_UIApplicationSceneManifest_Generation = YES;
				INFOPLIST_KEY_UIApplicationSupportsIndirectInputEvents = YES;
				"INFOPLIST_KEY_UILaunchStoryboardName[sdk=iphoneos*]" = "Launch Screen";
				"INFOPLIST_KEY_UILaunchStoryboardName[sdk=iphonesimulator*]" = "Launch Screen";
				INFOPLIST_KEY_UISupportedInterfaceOrientations_iPad = "UIInterfaceOrientationPortrait UIInterfaceOrientationPortraitUpsideDown UIInterfaceOrientationLandscapeLeft UIInterfaceOrientationLandscapeRight";
				INFOPLIST_KEY_UISupportedInterfaceOrientations_iPhone = "UIInterfaceOrientationPortrait UIInterfaceOrientationLandscapeLeft UIInterfaceOrientationLandscapeRight";
				IPHONEOS_DEPLOYMENT_TARGET = 18.6;
				LD_RUNPATH_SEARCH_PATHS = (
					"$(inherited)",
					"@executable_path/Frameworks",
				);
				MARKETING_VERSION = 1.0;
				PRODUCT_BUNDLE_IDENTIFIER = com.ss.RemoteRecruit;
				PRODUCT_NAME = "$(TARGET_NAME)";
				STRING_CATALOG_GENERATE_SYMBOLS = YES;
				SWIFT_APPROACHABLE_CONCURRENCY = YES;
				SWIFT_DEFAULT_ACTOR_ISOLATION = MainActor;
				SWIFT_EMIT_LOC_STRINGS = YES;
				SWIFT_UPCOMING_FEATURE_MEMBER_IMPORT_VISIBILITY = YES;
				SWIFT_VERSION = 5.0;
				TARGETED_DEVICE_FAMILY = "1,2";
			};
			name = Release;
		};
		C58AE2A32FDCC6C3009B2B9F /* Debug */ = {
			isa = XCBuildConfiguration;
			buildSettings = {
				BUNDLE_LOADER = "$(TEST_HOST)";
				CODE_SIGN_STYLE = Automatic;
				CURRENT_PROJECT_VERSION = 1;
				DEVELOPMENT_TEAM = DN5Q9N6KCH;
				GENERATE_INFOPLIST_FILE = YES;
				IPHONEOS_DEPLOYMENT_TARGET = 18.6;
				MARKETING_VERSION = 1.0;
				PRODUCT_BUNDLE_IDENTIFIER = com.ss.RemoteRecruitTests;
				PRODUCT_NAME = "$(TARGET_NAME)";
				STRING_CATALOG_GENERATE_SYMBOLS = NO;
				SWIFT_APPROACHABLE_CONCURRENCY = YES;
				SWIFT_EMIT_LOC_STRINGS = NO;
				SWIFT_UPCOMING_FEATURE_MEMBER_IMPORT_VISIBILITY = YES;
				SWIFT_VERSION = 5.0;
				TARGETED_DEVICE_FAMILY = "1,2";
				TEST_HOST = "$(BUILT_PRODUCTS_DIR)/RemoteRecruit.app/$(BUNDLE_EXECUTABLE_FOLDER_PATH)/RemoteRecruit";
			};
			name = Debug;
		};
		C58AE2A42FDCC6C3009B2B9F /* Release */ = {
			isa = XCBuildConfiguration;
			buildSettings = {
				BUNDLE_LOADER = "$(TEST_HOST)";
				CODE_SIGN_STYLE = Automatic;
				CURRENT_PROJECT_VERSION = 1;
				DEVELOPMENT_TEAM = DN5Q9N6KCH;
				GENERATE_INFOPLIST_FILE = YES;
				IPHONEOS_DEPLOYMENT_TARGET = 18.6;
				MARKETING_VERSION = 1.0;
				PRODUCT_BUNDLE_IDENTIFIER = com.ss.RemoteRecruitTests;
				PRODUCT_NAME = "$(TARGET_NAME)";
				STRING_CATALOG_GENERATE_SYMBOLS = NO;
				SWIFT_APPROACHABLE_CONCURRENCY = YES;
				SWIFT_EMIT_LOC_STRINGS = NO;
				SWIFT_UPCOMING_FEATURE_MEMBER_IMPORT_VISIBILITY = YES;
				SWIFT_VERSION = 5.0;
				TARGETED_DEVICE_FAMILY = "1,2";
				TEST_HOST = "$(BUILT_PRODUCTS_DIR)/RemoteRecruit.app/$(BUNDLE_EXECUTABLE_FOLDER_PATH)/RemoteRecruit";
			};
			name = Release;
		};
		C58AE2A62FDCC6C3009B2B9F /* Debug */ = {
			isa = XCBuildConfiguration;
			buildSettings = {
				CODE_SIGN_STYLE = Automatic;
				CURRENT_PROJECT_VERSION = 1;
				DEVELOPMENT_TEAM = DN5Q9N6KCH;
				GENERATE_INFOPLIST_FILE = YES;
				MARKETING_VERSION = 1.0;
				PRODUCT_BUNDLE_IDENTIFIER = com.ss.RemoteRecruitUITests;
				PRODUCT_NAME = "$(TARGET_NAME)";
				STRING_CATALOG_GENERATE_SYMBOLS = NO;
				SWIFT_APPROACHABLE_CONCURRENCY = YES;
				SWIFT_EMIT_LOC_STRINGS = NO;
				SWIFT_UPCOMING_FEATURE_MEMBER_IMPORT_VISIBILITY = YES;
				SWIFT_VERSION = 5.0;
				TARGETED_DEVICE_FAMILY = "1,2";
				TEST_TARGET_NAME = RemoteRecruit;
			};
			name = Debug;
		};
		C58AE2A72FDCC6C3009B2B9F /* Release */ = {
			isa = XCBuildConfiguration;
			buildSettings = {
				CODE_SIGN_STYLE = Automatic;
				CURRENT_PROJECT_VERSION = 1;
				DEVELOPMENT_TEAM = DN5Q9N6KCH;
				GENERATE_INFOPLIST_FILE = YES;
				MARKETING_VERSION = 1.0;
				PRODUCT_BUNDLE_IDENTIFIER = com.ss.RemoteRecruitUITests;
				PRODUCT_NAME = "$(TARGET_NAME)";
				STRING_CATALOG_GENERATE_SYMBOLS = NO;
				SWIFT_APPROACHABLE_CONCURRENCY = YES;
				SWIFT_EMIT_LOC_STRINGS = NO;
				SWIFT_UPCOMING_FEATURE_MEMBER_IMPORT_VISIBILITY = YES;
				SWIFT_VERSION = 5.0;
				TARGETED_DEVICE_FAMILY = "1,2";
				TEST_TARGET_NAME = RemoteRecruit;
			};
			name = Release;
		};
/* End XCBuildConfiguration section */

/* Begin XCConfigurationList section */
		C58AE2792FDCC6C1009B2B9F /* Build configuration list for PBXProject "RemoteRecruit" */ = {
			isa = XCConfigurationList;
			buildConfigurations = (
				C58AE29D2FDCC6C3009B2B9F /* Debug */,
				C58AE29E2FDCC6C3009B2B9F /* Release */,
			);
			defaultConfigurationIsVisible = 0;
			defaultConfigurationName = Release;
		};
		C58AE29F2FDCC6C3009B2B9F /* Build configuration list for PBXNativeTarget "RemoteRecruit" */ = {
			isa = XCConfigurationList;
			buildConfigurations = (
				C58AE2A02FDCC6C3009B2B9F /* Debug */,
				C58AE2A12FDCC6C3009B2B9F /* Release */,
			);
			defaultConfigurationIsVisible = 0;
			defaultConfigurationName = Release;
		};
		C58AE2A22FDCC6C3009B2B9F /* Build configuration list for PBXNativeTarget "RemoteRecruitTests" */ = {
			isa = XCConfigurationList;
			buildConfigurations = (
				C58AE2A32FDCC6C3009B2B9F /* Debug */,
				C58AE2A42FDCC6C3009B2B9F /* Release */,
			);
			defaultConfigurationIsVisible = 0;
			defaultConfigurationName = Release;
		};
		C58AE2A52FDCC6C3009B2B9F /* Build configuration list for PBXNativeTarget "RemoteRecruitUITests" */ = {
			isa = XCConfigurationList;
			buildConfigurations = (
				C58AE2A62FDCC6C3009B2B9F /* Debug */,
				C58AE2A72FDCC6C3009B2B9F /* Release */,
			);
			defaultConfigurationIsVisible = 0;
			defaultConfigurationName = Release;
		};
/* End XCConfigurationList section */
	};
	rootObject = C58AE2762FDCC6C1009B2B9F /* Project object */;
}
